
Microsoft Visual Studio Solution File, Format Version 12.00
# Visual Studio Version 17
VisualStudioVersion = 17.9.34701.34
MinimumVisualStudioVersion = 10.0.40219.1
Project("{FAE04EC0-301F-11D3-BF4B-00C04F79EFBC}") = "DVLD_Manage", "DVLD_Manage\DVLD_Manage.csproj", "{2D41E740-7779-4ED8-888C-DC9A8EAD6045}"
EndProject
Project("{9A19103F-16F7-4668-BE54-9A1E7A4F7556}") = "DVLD_API", "DVLD_API\DVLD_API.csproj", "{766140FC-51C7-4D4C-B154-24BCBF290E71}"
EndProject
Project("{9A19103F-16F7-4668-BE54-9A1E7A4F7556}") = "DVLD_Data", "DVLD_Data\DVLD_Data.csproj", "{E728A44E-1472-476B-8CBA-E0F1EF2ACBBA}"
EndProject
Project("{9A19103F-16F7-4668-BE54-9A1E7A4F7556}") = "DVLD_Businuss", "DVLD_Businuss\DVLD_Businuss.csproj", "{883A4D2B-4E61-4C3C-883D-0598668D6253}"
EndProject
Project("{9A19103F-16F7-4668-BE54-9A1E7A4F7556}") = "DVLD_ConnectionSettings", "DVLD_ConnectionSettings\DVLD_ConnectionSettings.csproj", "{D567D6A6-64CC-43C9-9004-39A5CE2ECDE1}"
EndProject
Global
	GlobalSection(SolutionConfigurationPlatforms) = preSolution
		Debug|Any CPU = Debug|Any CPU
		Release|Any CPU = Release|Any CPU
	EndGlobalSection
	GlobalSection(ProjectConfigurationPlatforms) = postSolution
		{2D41E740-7779-4ED8-888C-DC9A8EAD6045}.Debug|Any CPU.ActiveCfg = Debug|Any CPU
		{2D41E740-7779-4ED8-888C-DC9A8EAD6045}.Debug|Any CPU.Build.0 = Debug|Any CPU
		{2D41E740-7779-4ED8-888C-DC9A8EAD6045}.Release|Any CPU.ActiveCfg = Release|Any CPU
		{2D41E740-7779-4ED8-888C-DC9A8EAD6045}.Release|Any CPU.Build.0 = Release|Any CPU
		{766140FC-51C7-4D4C-B154-24BCBF290E71}.Debug|Any CPU.ActiveCfg = Debug|Any CPU
		{766140FC-51C7-4D4C-B154-24BCBF290E71}.Debug|Any CPU.Build.0 = Debug|Any CPU
		{766140FC-51C7-4D4C-B154-24BCBF290E71}.Release|Any CPU.ActiveCfg = Release|Any CPU
		{766140FC-51C7-4D4C-B154-24BCBF290E71}.Release|Any CPU.Build.0 = Release|Any CPU
		{E728A44E-1472-476B-8CBA-E0F1EF2ACBBA}.Debug|Any CPU.ActiveCfg = Debug|Any CPU
		{E728A44E-1472-476B-8CBA-E0F1EF2ACBBA}.Debug|Any CPU.Build.0 = Debug|Any CPU
		{E728A44E-1472-476B-8CBA-E0F1EF2ACBBA}.Release|Any CPU.ActiveCfg = Release|Any CPU
		{E728A44E-1472-476B-8CBA-E0F1EF2ACBBA}.Release|Any CPU.Build.0 = Release|Any CPU
		{883A4D2B-4E61-4C3C-883D-0598668D6253}.Debug|Any CPU.ActiveCfg = Debug|Any CPU
		{883A4D2B-4E61-4C3C-883D-0598668D6253}.Debug|Any CPU.Build.0 = Debug|Any CPU
		{883A4D2B-4E61-4C3C-883D-0598668D6253}.Release|Any CPU.ActiveCfg = Release|Any CPU
		{883A4D2B-4E61-4C3C-883D-0598668D6253}.Release|Any CPU.Build.0 = Release|Any CPU
		{D567D6A6-64CC-43C9-9004-39A5CE2ECDE1}.Debug|Any CPU.ActiveCfg = Debug|Any CPU
		{D567D6A6-64CC-43C9-9004-39A5CE2ECDE1}.Debug|Any CPU.Build.0 = Debug|Any CPU
		{D567D6A6-64CC-43C9-9004-39A5CE2ECDE1}.Release|Any CPU.ActiveCfg = Release|Any CPU
		{D567D6A6-64CC-43C9-9004-39A5CE2ECDE1}.Release|Any CPU.Build.0 = Release|Any CPU
	EndGlobalSection
	GlobalSection(SolutionProperties) = preSolution
		HideSolutionNode = FALSE
	EndGlobalSection
	GlobalSection(ExtensibilityGlobals) = postSolution
		SolutionGuid = {F39E15FA-E475-4117-8F37-FAB70D0C2386}
	EndGlobalSection
EndGlobal
