
Microsoft Visual Studio Solution File, Format Version 12.00
# Visual Studio Version 17
VisualStudioVersion = 17.9.34701.34
MinimumVisualStudioVersion = 10.0.40219.1
Project("{FAE04EC0-301F-11D3-BF4B-00C04F79EFBC}") = "DVLD_Data", "DVLD_Data.csproj", "{30286E1E-6120-44F4-B494-0E5A30741E0E}"
EndProject
Global
	GlobalSection(SolutionConfigurationPlatforms) = preSolution
		Debug|Any CPU = Debug|Any CPU
		Release|Any CPU = Release|Any CPU
	EndGlobalSection
	GlobalSection(ProjectConfigurationPlatforms) = postSolution
		{30286E1E-6120-44F4-B494-0E5A30741E0E}.Debug|Any CPU.ActiveCfg = Debug|Any CPU
		{30286E1E-6120-44F4-B494-0E5A30741E0E}.Debug|Any CPU.Build.0 = Debug|Any CPU
		{30286E1E-6120-44F4-B494-0E5A30741E0E}.Release|Any CPU.ActiveCfg = Release|Any CPU
		{30286E1E-6120-44F4-B494-0E5A30741E0E}.Release|Any CPU.Build.0 = Release|Any CPU
	EndGlobalSection
	GlobalSection(SolutionProperties) = preSolution
		HideSolutionNode = FALSE
	EndGlobalSection
	GlobalSection(ExtensibilityGlobals) = postSolution
		SolutionGuid = {E0007CEC-90A5-4FA6-ACD4-A9CA9BE26655}
	EndGlobalSection
EndGlobal
